
Microsoft Visual Studio Solution File, Format Version 12.00
# Visual Studio Version 17
VisualStudioVersion = 17.6.33815.320
MinimumVisualStudioVersion = 10.0.40219.1
Project("{8BC9CEB8-8B4A-11D0-8D11-00A0C91BC942}") = "Project1", "Project1\Project1.vcxproj", "{BA581601-705E-4CF5-96AE-C1C85F260EAD}"
EndProject
Project("{8BC9CEB8-8B4A-11D0-8D11-00A0C91BC942}") = "Project2", "Project2\Project2.vcxproj", "{39533063-6C02-41FB-8A85-9F040777E7B5}"
EndProject
Project("{8BC9CEB8-8B4A-11D0-8D11-00A0C91BC942}") = "Project3", "Project3\Project3.vcxproj", "{7AD77BBA-83CA-4EF1-9477-A9BF122A615E}"
EndProject
Project("{8BC9CEB8-8B4A-11D0-8D11-00A0C91BC942}") = "Project4", "Project4\Project4.vcxproj", "{E78E8DED-1A68-4C1F-8313-F3022B67A473}"
EndProject
Project("{8BC9CEB8-8B4A-11D0-8D11-00A0C91BC942}") = "Project5", "Project5\Project5.vcxproj", "{195E7A90-E8FA-45FF-ABC1-FC4333DF3FF7}"
EndProject
Project("{8BC9CEB8-8B4A-11D0-8D11-00A0C91BC942}") = "Project6", "Project6\Project6.vcxproj", "{6C021962-4790-4CEF-8DA1-4487534F206B}"
EndProject
Project("{8BC9CEB8-8B4A-11D0-8D11-00A0C91BC942}") = "Project7", "Project7\Project7.vcxproj", "{734A7BD1-B3F8-4BDA-B25F-1950731E267D}"
EndProject
Project("{8BC9CEB8-8B4A-11D0-8D11-00A0C91BC942}") = "Project8", "Project8\Project8.vcxproj", "{2ABABBBD-E280-4A9A-8FE1-546482FDCE04}"
EndProject
Project("{8BC9CEB8-8B4A-11D0-8D11-00A0C91BC942}") = "Project9", "Project9\Project9.vcxproj", "{BAE602CD-3288-48D6-90A7-23B0D758EB73}"
EndProject
Project("{8BC9CEB8-8B4A-11D0-8D11-00A0C91BC942}") = "Project10", "Project10\Project10.vcxproj", "{11850095-04A0-43A7-9BFF-24303EFF6D35}"
EndProject
Project("{8BC9CEB8-8B4A-11D0-8D11-00A0C91BC942}") = "Project10_1", "Project10_1\Project10_1.vcxproj", "{2647C370-A5B4-4EB1-ABE5-3DB74557B8F5}"
EndProject
Project("{8BC9CEB8-8B4A-11D0-8D11-00A0C91BC942}") = "Project11", "Project11\Project11.vcxproj", "{4AB66EBD-E045-4511-9460-45917CF79B01}"
EndProject
Project("{8BC9CEB8-8B4A-11D0-8D11-00A0C91BC942}") = "Project12", "Project12\Project12.vcxproj", "{BBF4BF3D-0270-41DD-A460-8660D3469C9F}"
EndProject
Project("{8BC9CEB8-8B4A-11D0-8D11-00A0C91BC942}") = "Project13", "Project13\Project13.vcxproj", "{3F8DD3F0-A7B4-4062-900C-A2B16F3BC29E}"
EndProject
Project("{8BC9CEB8-8B4A-11D0-8D11-00A0C91BC942}") = "Project14", "Project14\Project14.vcxproj", "{681DD0E7-6A5B-4A0D-8125-9F7EA0B1DCA1}"
EndProject
Project("{8BC9CEB8-8B4A-11D0-8D11-00A0C91BC942}") = "Project15", "Project15\Project15.vcxproj", "{9A3C0300-9C49-4938-AD8D-C3D77E34EF85}"
EndProject
Project("{8BC9CEB8-8B4A-11D0-8D11-00A0C91BC942}") = "Project13_1", "Project13_1\Project13_1.vcxproj", "{1B5C11D6-8491-4CCC-8ADF-93B76E77906B}"
EndProject
Project("{8BC9CEB8-8B4A-11D0-8D11-00A0C91BC942}") = "Project16", "Project16\Project16.vcxproj", "{6403CB9F-F9F2-4538-AA22-32F227F229EE}"
EndProject
Project("{8BC9CEB8-8B4A-11D0-8D11-00A0C91BC942}") = "Project17", "Project17\Project17.vcxproj", "{7A4E680E-DD3D-4CBD-B0F5-3829F94181EB}"
EndProject
Project("{8BC9CEB8-8B4A-11D0-8D11-00A0C91BC942}") = "Project17_1", "Project17_1\Project17_1.vcxproj", "{DFB7CC3C-6B29-44F4-8209-F6DDF7FFEBFC}"
EndProject
Project("{8BC9CEB8-8B4A-11D0-8D11-00A0C91BC942}") = "Project18", "Project18\Project18.vcxproj", "{EF563888-9C5B-4365-A615-FD647570AD1F}"
EndProject
Project("{8BC9CEB8-8B4A-11D0-8D11-00A0C91BC942}") = "Project13_2", "Project13_2\Project13_2.vcxproj", "{12E9F0AB-1B79-4411-B506-4FAA772D89A0}"
EndProject
Project("{8BC9CEB8-8B4A-11D0-8D11-00A0C91BC942}") = "Project19", "Project19\Project19.vcxproj", "{29F38C4E-4C26-4EAC-BF53-014AF603DB5C}"
EndProject
Project("{8BC9CEB8-8B4A-11D0-8D11-00A0C91BC942}") = "Project20", "Project20\Project20.vcxproj", "{0C3C2E3F-9C0A-42DC-BAD6-F4E174EC0415}"
EndProject
Project("{8BC9CEB8-8B4A-11D0-8D11-00A0C91BC942}") = "Project20_1", "Project20_1\Project20_1.vcxproj", "{CE92BCA6-1A76-4040-9C3A-DC427D85CFFD}"
EndProject
Project("{8BC9CEB8-8B4A-11D0-8D11-00A0C91BC942}") = "Project21", "Project21\Project21.vcxproj", "{D9CDF05B-248E-496E-B3FB-5460A1954B7A}"
EndProject
Project("{8BC9CEB8-8B4A-11D0-8D11-00A0C91BC942}") = "Project21_1", "Project21_1\Project21_1.vcxproj", "{64C8731B-3FC1-4BDB-BCB1-39877F6EE5A2}"
EndProject
Project("{8BC9CEB8-8B4A-11D0-8D11-00A0C91BC942}") = "Project22", "Project22\Project22.vcxproj", "{83719611-7A8A-4126-ADD6-20B234CE931D}"
EndProject
Project("{8BC9CEB8-8B4A-11D0-8D11-00A0C91BC942}") = "Project22_1", "Project22_1\Project22_1.vcxproj", "{6D893DDF-FC6E-4295-99E5-D733DB136367}"
EndProject
Project("{8BC9CEB8-8B4A-11D0-8D11-00A0C91BC942}") = "Project23", "Project23\Project23.vcxproj", "{A72A144B-2E4F-4415-934D-4696CAC1AAA4}"
EndProject
Project("{8BC9CEB8-8B4A-11D0-8D11-00A0C91BC942}") = "Project23_1", "Project24\Project24.vcxproj", "{E8EFF3FD-8795-4AB0-BA78-B0D71F41CA9F}"
EndProject
Project("{8BC9CEB8-8B4A-11D0-8D11-00A0C91BC942}") = "Project23_2", "Project23_2\Project23_2.vcxproj", "{ACD2C12C-9CD7-42C8-A4DE-62E43A0CA2D8}"
EndProject
Global
	GlobalSection(SolutionConfigurationPlatforms) = preSolution
		Debug|x64 = Debug|x64
		Debug|x86 = Debug|x86
		Release|x64 = Release|x64
		Release|x86 = Release|x86
	EndGlobalSection
	GlobalSection(ProjectConfigurationPlatforms) = postSolution
		{BA581601-705E-4CF5-96AE-C1C85F260EAD}.Debug|x64.ActiveCfg = Debug|x64
		{BA581601-705E-4CF5-96AE-C1C85F260EAD}.Debug|x64.Build.0 = Debug|x64
		{BA581601-705E-4CF5-96AE-C1C85F260EAD}.Debug|x86.ActiveCfg = Debug|Win32
		{BA581601-705E-4CF5-96AE-C1C85F260EAD}.Debug|x86.Build.0 = Debug|Win32
		{BA581601-705E-4CF5-96AE-C1C85F260EAD}.Release|x64.ActiveCfg = Release|x64
		{BA581601-705E-4CF5-96AE-C1C85F260EAD}.Release|x64.Build.0 = Release|x64
		{BA581601-705E-4CF5-96AE-C1C85F260EAD}.Release|x86.ActiveCfg = Release|Win32
		{BA581601-705E-4CF5-96AE-C1C85F260EAD}.Release|x86.Build.0 = Release|Win32
		{39533063-6C02-41FB-8A85-9F040777E7B5}.Debug|x64.ActiveCfg = Debug|x64
		{39533063-6C02-41FB-8A85-9F040777E7B5}.Debug|x64.Build.0 = Debug|x64
		{39533063-6C02-41FB-8A85-9F040777E7B5}.Debug|x86.ActiveCfg = Debug|Win32
		{39533063-6C02-41FB-8A85-9F040777E7B5}.Debug|x86.Build.0 = Debug|Win32
		{39533063-6C02-41FB-8A85-9F040777E7B5}.Release|x64.ActiveCfg = Release|x64
		{39533063-6C02-41FB-8A85-9F040777E7B5}.Release|x64.Build.0 = Release|x64
		{39533063-6C02-41FB-8A85-9F040777E7B5}.Release|x86.ActiveCfg = Release|Win32
		{39533063-6C02-41FB-8A85-9F040777E7B5}.Release|x86.Build.0 = Release|Win32
		{7AD77BBA-83CA-4EF1-9477-A9BF122A615E}.Debug|x64.ActiveCfg = Debug|x64
		{7AD77BBA-83CA-4EF1-9477-A9BF122A615E}.Debug|x64.Build.0 = Debug|x64
		{7AD77BBA-83CA-4EF1-9477-A9BF122A615E}.Debug|x86.ActiveCfg = Debug|Win32
		{7AD77BBA-83CA-4EF1-9477-A9BF122A615E}.Debug|x86.Build.0 = Debug|Win32
		{7AD77BBA-83CA-4EF1-9477-A9BF122A615E}.Release|x64.ActiveCfg = Release|x64
		{7AD77BBA-83CA-4EF1-9477-A9BF122A615E}.Release|x64.Build.0 = Release|x64
		{7AD77BBA-83CA-4EF1-9477-A9BF122A615E}.Release|x86.ActiveCfg = Release|Win32
		{7AD77BBA-83CA-4EF1-9477-A9BF122A615E}.Release|x86.Build.0 = Release|Win32
		{E78E8DED-1A68-4C1F-8313-F3022B67A473}.Debug|x64.ActiveCfg = Debug|x64
		{E78E8DED-1A68-4C1F-8313-F3022B67A473}.Debug|x64.Build.0 = Debug|x64
		{E78E8DED-1A68-4C1F-8313-F3022B67A473}.Debug|x86.ActiveCfg = Debug|Win32
		{E78E8DED-1A68-4C1F-8313-F3022B67A473}.Debug|x86.Build.0 = Debug|Win32
		{E78E8DED-1A68-4C1F-8313-F3022B67A473}.Release|x64.ActiveCfg = Release|x64
		{E78E8DED-1A68-4C1F-8313-F3022B67A473}.Release|x64.Build.0 = Release|x64
		{E78E8DED-1A68-4C1F-8313-F3022B67A473}.Release|x86.ActiveCfg = Release|Win32
		{E78E8DED-1A68-4C1F-8313-F3022B67A473}.Release|x86.Build.0 = Release|Win32
		{195E7A90-E8FA-45FF-ABC1-FC4333DF3FF7}.Debug|x64.ActiveCfg = Debug|x64
		{195E7A90-E8FA-45FF-ABC1-FC4333DF3FF7}.Debug|x64.Build.0 = Debug|x64
		{195E7A90-E8FA-45FF-ABC1-FC4333DF3FF7}.Debug|x86.ActiveCfg = Debug|Win32
		{195E7A90-E8FA-45FF-ABC1-FC4333DF3FF7}.Debug|x86.Build.0 = Debug|Win32
		{195E7A90-E8FA-45FF-ABC1-FC4333DF3FF7}.Release|x64.ActiveCfg = Release|x64
		{195E7A90-E8FA-45FF-ABC1-FC4333DF3FF7}.Release|x64.Build.0 = Release|x64
		{195E7A90-E8FA-45FF-ABC1-FC4333DF3FF7}.Release|x86.ActiveCfg = Release|Win32
		{195E7A90-E8FA-45FF-ABC1-FC4333DF3FF7}.Release|x86.Build.0 = Release|Win32
		{6C021962-4790-4CEF-8DA1-4487534F206B}.Debug|x64.ActiveCfg = Debug|x64
		{6C021962-4790-4CEF-8DA1-4487534F206B}.Debug|x64.Build.0 = Debug|x64
		{6C021962-4790-4CEF-8DA1-4487534F206B}.Debug|x86.ActiveCfg = Debug|Win32
		{6C021962-4790-4CEF-8DA1-4487534F206B}.Debug|x86.Build.0 = Debug|Win32
		{6C021962-4790-4CEF-8DA1-4487534F206B}.Release|x64.ActiveCfg = Release|x64
		{6C021962-4790-4CEF-8DA1-4487534F206B}.Release|x64.Build.0 = Release|x64
		{6C021962-4790-4CEF-8DA1-4487534F206B}.Release|x86.ActiveCfg = Release|Win32
		{6C021962-4790-4CEF-8DA1-4487534F206B}.Release|x86.Build.0 = Release|Win32
		{734A7BD1-B3F8-4BDA-B25F-1950731E267D}.Debug|x64.ActiveCfg = Debug|x64
		{734A7BD1-B3F8-4BDA-B25F-1950731E267D}.Debug|x64.Build.0 = Debug|x64
		{734A7BD1-B3F8-4BDA-B25F-1950731E267D}.Debug|x86.ActiveCfg = Debug|Win32
		{734A7BD1-B3F8-4BDA-B25F-1950731E267D}.Debug|x86.Build.0 = Debug|Win32
		{734A7BD1-B3F8-4BDA-B25F-1950731E267D}.Release|x64.ActiveCfg = Release|x64
		{734A7BD1-B3F8-4BDA-B25F-1950731E267D}.Release|x64.Build.0 = Release|x64
		{734A7BD1-B3F8-4BDA-B25F-1950731E267D}.Release|x86.ActiveCfg = Release|Win32
		{734A7BD1-B3F8-4BDA-B25F-1950731E267D}.Release|x86.Build.0 = Release|Win32
		{2ABABBBD-E280-4A9A-8FE1-546482FDCE04}.Debug|x64.ActiveCfg = Debug|x64
		{2ABABBBD-E280-4A9A-8FE1-546482FDCE04}.Debug|x64.Build.0 = Debug|x64
		{2ABABBBD-E280-4A9A-8FE1-546482FDCE04}.Debug|x86.ActiveCfg = Debug|Win32
		{2ABABBBD-E280-4A9A-8FE1-546482FDCE04}.Debug|x86.Build.0 = Debug|Win32
		{2ABABBBD-E280-4A9A-8FE1-546482FDCE04}.Release|x64.ActiveCfg = Release|x64
		{2ABABBBD-E280-4A9A-8FE1-546482FDCE04}.Release|x64.Build.0 = Release|x64
		{2ABABBBD-E280-4A9A-8FE1-546482FDCE04}.Release|x86.ActiveCfg = Release|Win32
		{2ABABBBD-E280-4A9A-8FE1-546482FDCE04}.Release|x86.Build.0 = Release|Win32
		{BAE602CD-3288-48D6-90A7-23B0D758EB73}.Debug|x64.ActiveCfg = Debug|x64
		{BAE602CD-3288-48D6-90A7-23B0D758EB73}.Debug|x64.Build.0 = Debug|x64
		{BAE602CD-3288-48D6-90A7-23B0D758EB73}.Debug|x86.ActiveCfg = Debug|Win32
		{BAE602CD-3288-48D6-90A7-23B0D758EB73}.Debug|x86.Build.0 = Debug|Win32
		{BAE602CD-3288-48D6-90A7-23B0D758EB73}.Release|x64.ActiveCfg = Release|x64
		{BAE602CD-3288-48D6-90A7-23B0D758EB73}.Release|x64.Build.0 = Release|x64
		{BAE602CD-3288-48D6-90A7-23B0D758EB73}.Release|x86.ActiveCfg = Release|Win32
		{BAE602CD-3288-48D6-90A7-23B0D758EB73}.Release|x86.Build.0 = Release|Win32
		{11850095-04A0-43A7-9BFF-24303EFF6D35}.Debug|x64.ActiveCfg = Debug|x64
		{11850095-04A0-43A7-9BFF-24303EFF6D35}.Debug|x64.Build.0 = Debug|x64
		{11850095-04A0-43A7-9BFF-24303EFF6D35}.Debug|x86.ActiveCfg = Debug|Win32
		{11850095-04A0-43A7-9BFF-24303EFF6D35}.Debug|x86.Build.0 = Debug|Win32
		{11850095-04A0-43A7-9BFF-24303EFF6D35}.Release|x64.ActiveCfg = Release|x64
		{11850095-04A0-43A7-9BFF-24303EFF6D35}.Release|x64.Build.0 = Release|x64
		{11850095-04A0-43A7-9BFF-24303EFF6D35}.Release|x86.ActiveCfg = Release|Win32
		{11850095-04A0-43A7-9BFF-24303EFF6D35}.Release|x86.Build.0 = Release|Win32
		{2647C370-A5B4-4EB1-ABE5-3DB74557B8F5}.Debug|x64.ActiveCfg = Debug|x64
		{2647C370-A5B4-4EB1-ABE5-3DB74557B8F5}.Debug|x64.Build.0 = Debug|x64
		{2647C370-A5B4-4EB1-ABE5-3DB74557B8F5}.Debug|x86.ActiveCfg = Debug|Win32
		{2647C370-A5B4-4EB1-ABE5-3DB74557B8F5}.Debug|x86.Build.0 = Debug|Win32
		{2647C370-A5B4-4EB1-ABE5-3DB74557B8F5}.Release|x64.ActiveCfg = Release|x64
		{2647C370-A5B4-4EB1-ABE5-3DB74557B8F5}.Release|x64.Build.0 = Release|x64
		{2647C370-A5B4-4EB1-ABE5-3DB74557B8F5}.Release|x86.ActiveCfg = Release|Win32
		{2647C370-A5B4-4EB1-ABE5-3DB74557B8F5}.Release|x86.Build.0 = Release|Win32
		{4AB66EBD-E045-4511-9460-45917CF79B01}.Debug|x64.ActiveCfg = Debug|x64
		{4AB66EBD-E045-4511-9460-45917CF79B01}.Debug|x64.Build.0 = Debug|x64
		{4AB66EBD-E045-4511-9460-45917CF79B01}.Debug|x86.ActiveCfg = Debug|Win32
		{4AB66EBD-E045-4511-9460-45917CF79B01}.Debug|x86.Build.0 = Debug|Win32
		{4AB66EBD-E045-4511-9460-45917CF79B01}.Release|x64.ActiveCfg = Release|x64
		{4AB66EBD-E045-4511-9460-45917CF79B01}.Release|x64.Build.0 = Release|x64
		{4AB66EBD-E045-4511-9460-45917CF79B01}.Release|x86.ActiveCfg = Release|Win32
		{4AB66EBD-E045-4511-9460-45917CF79B01}.Release|x86.Build.0 = Release|Win32
		{BBF4BF3D-0270-41DD-A460-8660D3469C9F}.Debug|x64.ActiveCfg = Debug|x64
		{BBF4BF3D-0270-41DD-A460-8660D3469C9F}.Debug|x64.Build.0 = Debug|x64
		{BBF4BF3D-0270-41DD-A460-8660D3469C9F}.Debug|x86.ActiveCfg = Debug|Win32
		{BBF4BF3D-0270-41DD-A460-8660D3469C9F}.Debug|x86.Build.0 = Debug|Win32
		{BBF4BF3D-0270-41DD-A460-8660D3469C9F}.Release|x64.ActiveCfg = Release|x64
		{BBF4BF3D-0270-41DD-A460-8660D3469C9F}.Release|x64.Build.0 = Release|x64
		{BBF4BF3D-0270-41DD-A460-8660D3469C9F}.Release|x86.ActiveCfg = Release|Win32
		{BBF4BF3D-0270-41DD-A460-8660D3469C9F}.Release|x86.Build.0 = Release|Win32
		{3F8DD3F0-A7B4-4062-900C-A2B16F3BC29E}.Debug|x64.ActiveCfg = Debug|x64
		{3F8DD3F0-A7B4-4062-900C-A2B16F3BC29E}.Debug|x64.Build.0 = Debug|x64
		{3F8DD3F0-A7B4-4062-900C-A2B16F3BC29E}.Debug|x86.ActiveCfg = Debug|Win32
		{3F8DD3F0-A7B4-4062-900C-A2B16F3BC29E}.Debug|x86.Build.0 = Debug|Win32
		{3F8DD3F0-A7B4-4062-900C-A2B16F3BC29E}.Release|x64.ActiveCfg = Release|x64
		{3F8DD3F0-A7B4-4062-900C-A2B16F3BC29E}.Release|x64.Build.0 = Release|x64
		{3F8DD3F0-A7B4-4062-900C-A2B16F3BC29E}.Release|x86.ActiveCfg = Release|Win32
		{3F8DD3F0-A7B4-4062-900C-A2B16F3BC29E}.Release|x86.Build.0 = Release|Win32
		{681DD0E7-6A5B-4A0D-8125-9F7EA0B1DCA1}.Debug|x64.ActiveCfg = Debug|x64
		{681DD0E7-6A5B-4A0D-8125-9F7EA0B1DCA1}.Debug|x64.Build.0 = Debug|x64
		{681DD0E7-6A5B-4A0D-8125-9F7EA0B1DCA1}.Debug|x86.ActiveCfg = Debug|Win32
		{681DD0E7-6A5B-4A0D-8125-9F7EA0B1DCA1}.Debug|x86.Build.0 = Debug|Win32
		{681DD0E7-6A5B-4A0D-8125-9F7EA0B1DCA1}.Release|x64.ActiveCfg = Release|x64
		{681DD0E7-6A5B-4A0D-8125-9F7EA0B1DCA1}.Release|x64.Build.0 = Release|x64
		{681DD0E7-6A5B-4A0D-8125-9F7EA0B1DCA1}.Release|x86.ActiveCfg = Release|Win32
		{681DD0E7-6A5B-4A0D-8125-9F7EA0B1DCA1}.Release|x86.Build.0 = Release|Win32
		{9A3C0300-9C49-4938-AD8D-C3D77E34EF85}.Debug|x64.ActiveCfg = Debug|x64
		{9A3C0300-9C49-4938-AD8D-C3D77E34EF85}.Debug|x64.Build.0 = Debug|x64
		{9A3C0300-9C49-4938-AD8D-C3D77E34EF85}.Debug|x86.ActiveCfg = Debug|Win32
		{9A3C0300-9C49-4938-AD8D-C3D77E34EF85}.Debug|x86.Build.0 = Debug|Win32
		{9A3C0300-9C49-4938-AD8D-C3D77E34EF85}.Release|x64.ActiveCfg = Release|x64
		{9A3C0300-9C49-4938-AD8D-C3D77E34EF85}.Release|x64.Build.0 = Release|x64
		{9A3C0300-9C49-4938-AD8D-C3D77E34EF85}.Release|x86.ActiveCfg = Release|Win32
		{9A3C0300-9C49-4938-AD8D-C3D77E34EF85}.Release|x86.Build.0 = Release|Win32
		{1B5C11D6-8491-4CCC-8ADF-93B76E77906B}.Debug|x64.ActiveCfg = Debug|x64
		{1B5C11D6-8491-4CCC-8ADF-93B76E77906B}.Debug|x64.Build.0 = Debug|x64
		{1B5C11D6-8491-4CCC-8ADF-93B76E77906B}.Debug|x86.ActiveCfg = Debug|Win32
		{1B5C11D6-8491-4CCC-8ADF-93B76E77906B}.Debug|x86.Build.0 = Debug|Win32
		{1B5C11D6-8491-4CCC-8ADF-93B76E77906B}.Release|x64.ActiveCfg = Release|x64
		{1B5C11D6-8491-4CCC-8ADF-93B76E77906B}.Release|x64.Build.0 = Release|x64
		{1B5C11D6-8491-4CCC-8ADF-93B76E77906B}.Release|x86.ActiveCfg = Release|Win32
		{1B5C11D6-8491-4CCC-8ADF-93B76E77906B}.Release|x86.Build.0 = Release|Win32
		{6403CB9F-F9F2-4538-AA22-32F227F229EE}.Debug|x64.ActiveCfg = Debug|x64
		{6403CB9F-F9F2-4538-AA22-32F227F229EE}.Debug|x64.Build.0 = Debug|x64
		{6403CB9F-F9F2-4538-AA22-32F227F229EE}.Debug|x86.ActiveCfg = Debug|Win32
		{6403CB9F-F9F2-4538-AA22-32F227F229EE}.Debug|x86.Build.0 = Debug|Win32
		{6403CB9F-F9F2-4538-AA22-32F227F229EE}.Release|x64.ActiveCfg = Release|x64
		{6403CB9F-F9F2-4538-AA22-32F227F229EE}.Release|x64.Build.0 = Release|x64
		{6403CB9F-F9F2-4538-AA22-32F227F229EE}.Release|x86.ActiveCfg = Release|Win32
		{6403CB9F-F9F2-4538-AA22-32F227F229EE}.Release|x86.Build.0 = Release|Win32
		{7A4E680E-DD3D-4CBD-B0F5-3829F94181EB}.Debug|x64.ActiveCfg = Debug|x64
		{7A4E680E-DD3D-4CBD-B0F5-3829F94181EB}.Debug|x64.Build.0 = Debug|x64
		{7A4E680E-DD3D-4CBD-B0F5-3829F94181EB}.Debug|x86.ActiveCfg = Debug|Win32
		{7A4E680E-DD3D-4CBD-B0F5-3829F94181EB}.Debug|x86.Build.0 = Debug|Win32
		{7A4E680E-DD3D-4CBD-B0F5-3829F94181EB}.Release|x64.ActiveCfg = Release|x64
		{7A4E680E-DD3D-4CBD-B0F5-3829F94181EB}.Release|x64.Build.0 = Release|x64
		{7A4E680E-DD3D-4CBD-B0F5-3829F94181EB}.Release|x86.ActiveCfg = Release|Win32
		{7A4E680E-DD3D-4CBD-B0F5-3829F94181EB}.Release|x86.Build.0 = Release|Win32
		{DFB7CC3C-6B29-44F4-8209-F6DDF7FFEBFC}.Debug|x64.ActiveCfg = Debug|x64
		{DFB7CC3C-6B29-44F4-8209-F6DDF7FFEBFC}.Debug|x64.Build.0 = Debug|x64
		{DFB7CC3C-6B29-44F4-8209-F6DDF7FFEBFC}.Debug|x86.ActiveCfg = Debug|Win32
		{DFB7CC3C-6B29-44F4-8209-F6DDF7FFEBFC}.Debug|x86.Build.0 = Debug|Win32
		{DFB7CC3C-6B29-44F4-8209-F6DDF7FFEBFC}.Release|x64.ActiveCfg = Release|x64
		{DFB7CC3C-6B29-44F4-8209-F6DDF7FFEBFC}.Release|x64.Build.0 = Release|x64
		{DFB7CC3C-6B29-44F4-8209-F6DDF7FFEBFC}.Release|x86.ActiveCfg = Release|Win32
		{DFB7CC3C-6B29-44F4-8209-F6DDF7FFEBFC}.Release|x86.Build.0 = Release|Win32
		{EF563888-9C5B-4365-A615-FD647570AD1F}.Debug|x64.ActiveCfg = Debug|x64
		{EF563888-9C5B-4365-A615-FD647570AD1F}.Debug|x64.Build.0 = Debug|x64
		{EF563888-9C5B-4365-A615-FD647570AD1F}.Debug|x86.ActiveCfg = Debug|Win32
		{EF563888-9C5B-4365-A615-FD647570AD1F}.Debug|x86.Build.0 = Debug|Win32
		{EF563888-9C5B-4365-A615-FD647570AD1F}.Release|x64.ActiveCfg = Release|x64
		{EF563888-9C5B-4365-A615-FD647570AD1F}.Release|x64.Build.0 = Release|x64
		{EF563888-9C5B-4365-A615-FD647570AD1F}.Release|x86.ActiveCfg = Release|Win32
		{EF563888-9C5B-4365-A615-FD647570AD1F}.Release|x86.Build.0 = Release|Win32
		{12E9F0AB-1B79-4411-B506-4FAA772D89A0}.Debug|x64.ActiveCfg = Debug|x64
		{12E9F0AB-1B79-4411-B506-4FAA772D89A0}.Debug|x64.Build.0 = Debug|x64
		{12E9F0AB-1B79-4411-B506-4FAA772D89A0}.Debug|x86.ActiveCfg = Debug|Win32
		{12E9F0AB-1B79-4411-B506-4FAA772D89A0}.Debug|x86.Build.0 = Debug|Win32
		{12E9F0AB-1B79-4411-B506-4FAA772D89A0}.Release|x64.ActiveCfg = Release|x64
		{12E9F0AB-1B79-4411-B506-4FAA772D89A0}.Release|x64.Build.0 = Release|x64
		{12E9F0AB-1B79-4411-B506-4FAA772D89A0}.Release|x86.ActiveCfg = Release|Win32
		{12E9F0AB-1B79-4411-B506-4FAA772D89A0}.Release|x86.Build.0 = Release|Win32
		{29F38C4E-4C26-4EAC-BF53-014AF603DB5C}.Debug|x64.ActiveCfg = Debug|x64
		{29F38C4E-4C26-4EAC-BF53-014AF603DB5C}.Debug|x64.Build.0 = Debug|x64
		{29F38C4E-4C26-4EAC-BF53-014AF603DB5C}.Debug|x86.ActiveCfg = Debug|Win32
		{29F38C4E-4C26-4EAC-BF53-014AF603DB5C}.Debug|x86.Build.0 = Debug|Win32
		{29F38C4E-4C26-4EAC-BF53-014AF603DB5C}.Release|x64.ActiveCfg = Release|x64
		{29F38C4E-4C26-4EAC-BF53-014AF603DB5C}.Release|x64.Build.0 = Release|x64
		{29F38C4E-4C26-4EAC-BF53-014AF603DB5C}.Release|x86.ActiveCfg = Release|Win32
		{29F38C4E-4C26-4EAC-BF53-014AF603DB5C}.Release|x86.Build.0 = Release|Win32
		{0C3C2E3F-9C0A-42DC-BAD6-F4E174EC0415}.Debug|x64.ActiveCfg = Debug|x64
		{0C3C2E3F-9C0A-42DC-BAD6-F4E174EC0415}.Debug|x64.Build.0 = Debug|x64
		{0C3C2E3F-9C0A-42DC-BAD6-F4E174EC0415}.Debug|x86.ActiveCfg = Debug|Win32
		{0C3C2E3F-9C0A-42DC-BAD6-F4E174EC0415}.Debug|x86.Build.0 = Debug|Win32
		{0C3C2E3F-9C0A-42DC-BAD6-F4E174EC0415}.Release|x64.ActiveCfg = Release|x64
		{0C3C2E3F-9C0A-42DC-BAD6-F4E174EC0415}.Release|x64.Build.0 = Release|x64
		{0C3C2E3F-9C0A-42DC-BAD6-F4E174EC0415}.Release|x86.ActiveCfg = Release|Win32
		{0C3C2E3F-9C0A-42DC-BAD6-F4E174EC0415}.Release|x86.Build.0 = Release|Win32
		{CE92BCA6-1A76-4040-9C3A-DC427D85CFFD}.Debug|x64.ActiveCfg = Debug|x64
		{CE92BCA6-1A76-4040-9C3A-DC427D85CFFD}.Debug|x64.Build.0 = Debug|x64
		{CE92BCA6-1A76-4040-9C3A-DC427D85CFFD}.Debug|x86.ActiveCfg = Debug|Win32
		{CE92BCA6-1A76-4040-9C3A-DC427D85CFFD}.Debug|x86.Build.0 = Debug|Win32
		{CE92BCA6-1A76-4040-9C3A-DC427D85CFFD}.Release|x64.ActiveCfg = Release|x64
		{CE92BCA6-1A76-4040-9C3A-DC427D85CFFD}.Release|x64.Build.0 = Release|x64
		{CE92BCA6-1A76-4040-9C3A-DC427D85CFFD}.Release|x86.ActiveCfg = Release|Win32
		{CE92BCA6-1A76-4040-9C3A-DC427D85CFFD}.Release|x86.Build.0 = Release|Win32
		{D9CDF05B-248E-496E-B3FB-5460A1954B7A}.Debug|x64.ActiveCfg = Debug|x64
		{D9CDF05B-248E-496E-B3FB-5460A1954B7A}.Debug|x64.Build.0 = Debug|x64
		{D9CDF05B-248E-496E-B3FB-5460A1954B7A}.Debug|x86.ActiveCfg = Debug|Win32
		{D9CDF05B-248E-496E-B3FB-5460A1954B7A}.Debug|x86.Build.0 = Debug|Win32
		{D9CDF05B-248E-496E-B3FB-5460A1954B7A}.Release|x64.ActiveCfg = Release|x64
		{D9CDF05B-248E-496E-B3FB-5460A1954B7A}.Release|x64.Build.0 = Release|x64
		{D9CDF05B-248E-496E-B3FB-5460A1954B7A}.Release|x86.ActiveCfg = Release|Win32
		{D9CDF05B-248E-496E-B3FB-5460A1954B7A}.Release|x86.Build.0 = Release|Win32
		{64C8731B-3FC1-4BDB-BCB1-39877F6EE5A2}.Debug|x64.ActiveCfg = Debug|x64
		{64C8731B-3FC1-4BDB-BCB1-39877F6EE5A2}.Debug|x64.Build.0 = Debug|x64
		{64C8731B-3FC1-4BDB-BCB1-39877F6EE5A2}.Debug|x86.ActiveCfg = Debug|Win32
		{64C8731B-3FC1-4BDB-BCB1-39877F6EE5A2}.Debug|x86.Build.0 = Debug|Win32
		{64C8731B-3FC1-4BDB-BCB1-39877F6EE5A2}.Release|x64.ActiveCfg = Release|x64
		{64C8731B-3FC1-4BDB-BCB1-39877F6EE5A2}.Release|x64.Build.0 = Release|x64
		{64C8731B-3FC1-4BDB-BCB1-39877F6EE5A2}.Release|x86.ActiveCfg = Release|Win32
		{64C8731B-3FC1-4BDB-BCB1-39877F6EE5A2}.Release|x86.Build.0 = Release|Win32
		{83719611-7A8A-4126-ADD6-20B234CE931D}.Debug|x64.ActiveCfg = Debug|x64
		{83719611-7A8A-4126-ADD6-20B234CE931D}.Debug|x64.Build.0 = Debug|x64
		{83719611-7A8A-4126-ADD6-20B234CE931D}.Debug|x86.ActiveCfg = Debug|Win32
		{83719611-7A8A-4126-ADD6-20B234CE931D}.Debug|x86.Build.0 = Debug|Win32
		{83719611-7A8A-4126-ADD6-20B234CE931D}.Release|x64.ActiveCfg = Release|x64
		{83719611-7A8A-4126-ADD6-20B234CE931D}.Release|x64.Build.0 = Release|x64
		{83719611-7A8A-4126-ADD6-20B234CE931D}.Release|x86.ActiveCfg = Release|Win32
		{83719611-7A8A-4126-ADD6-20B234CE931D}.Release|x86.Build.0 = Release|Win32
		{6D893DDF-FC6E-4295-99E5-D733DB136367}.Debug|x64.ActiveCfg = Debug|x64
		{6D893DDF-FC6E-4295-99E5-D733DB136367}.Debug|x64.Build.0 = Debug|x64
		{6D893DDF-FC6E-4295-99E5-D733DB136367}.Debug|x86.ActiveCfg = Debug|Win32
		{6D893DDF-FC6E-4295-99E5-D733DB136367}.Debug|x86.Build.0 = Debug|Win32
		{6D893DDF-FC6E-4295-99E5-D733DB136367}.Release|x64.ActiveCfg = Release|x64
		{6D893DDF-FC6E-4295-99E5-D733DB136367}.Release|x64.Build.0 = Release|x64
		{6D893DDF-FC6E-4295-99E5-D733DB136367}.Release|x86.ActiveCfg = Release|Win32
		{6D893DDF-FC6E-4295-99E5-D733DB136367}.Release|x86.Build.0 = Release|Win32
		{A72A144B-2E4F-4415-934D-4696CAC1AAA4}.Debug|x64.ActiveCfg = Debug|x64
		{A72A144B-2E4F-4415-934D-4696CAC1AAA4}.Debug|x64.Build.0 = Debug|x64
		{A72A144B-2E4F-4415-934D-4696CAC1AAA4}.Debug|x86.ActiveCfg = Debug|Win32
		{A72A144B-2E4F-4415-934D-4696CAC1AAA4}.Debug|x86.Build.0 = Debug|Win32
		{A72A144B-2E4F-4415-934D-4696CAC1AAA4}.Release|x64.ActiveCfg = Release|x64
		{A72A144B-2E4F-4415-934D-4696CAC1AAA4}.Release|x64.Build.0 = Release|x64
		{A72A144B-2E4F-4415-934D-4696CAC1AAA4}.Release|x86.ActiveCfg = Release|Win32
		{A72A144B-2E4F-4415-934D-4696CAC1AAA4}.Release|x86.Build.0 = Release|Win32
		{E8EFF3FD-8795-4AB0-BA78-B0D71F41CA9F}.Debug|x64.ActiveCfg = Debug|x64
		{E8EFF3FD-8795-4AB0-BA78-B0D71F41CA9F}.Debug|x64.Build.0 = Debug|x64
		{E8EFF3FD-8795-4AB0-BA78-B0D71F41CA9F}.Debug|x86.ActiveCfg = Debug|Win32
		{E8EFF3FD-8795-4AB0-BA78-B0D71F41CA9F}.Debug|x86.Build.0 = Debug|Win32
		{E8EFF3FD-8795-4AB0-BA78-B0D71F41CA9F}.Release|x64.ActiveCfg = Release|x64
		{E8EFF3FD-8795-4AB0-BA78-B0D71F41CA9F}.Release|x64.Build.0 = Release|x64
		{E8EFF3FD-8795-4AB0-BA78-B0D71F41CA9F}.Release|x86.ActiveCfg = Release|Win32
		{E8EFF3FD-8795-4AB0-BA78-B0D71F41CA9F}.Release|x86.Build.0 = Release|Win32
		{ACD2C12C-9CD7-42C8-A4DE-62E43A0CA2D8}.Debug|x64.ActiveCfg = Debug|x64
		{ACD2C12C-9CD7-42C8-A4DE-62E43A0CA2D8}.Debug|x64.Build.0 = Debug|x64
		{ACD2C12C-9CD7-42C8-A4DE-62E43A0CA2D8}.Debug|x86.ActiveCfg = Debug|Win32
		{ACD2C12C-9CD7-42C8-A4DE-62E43A0CA2D8}.Debug|x86.Build.0 = Debug|Win32
		{ACD2C12C-9CD7-42C8-A4DE-62E43A0CA2D8}.Release|x64.ActiveCfg = Release|x64
		{ACD2C12C-9CD7-42C8-A4DE-62E43A0CA2D8}.Release|x64.Build.0 = Release|x64
		{ACD2C12C-9CD7-42C8-A4DE-62E43A0CA2D8}.Release|x86.ActiveCfg = Release|Win32
		{ACD2C12C-9CD7-42C8-A4DE-62E43A0CA2D8}.Release|x86.Build.0 = Release|Win32
	EndGlobalSection
	GlobalSection(SolutionProperties) = preSolution
		HideSolutionNode = FALSE
	EndGlobalSection
	GlobalSection(ExtensibilityGlobals) = postSolution
		SolutionGuid = {876C429F-25D1-46B5-9D5C-61A519C67F05}
	EndGlobalSection
EndGlobal
